
Microsoft Visual Studio Solution File, Format Version 12.00
# Visual Studio Version 17
VisualStudioVersion = 17.8.34330.188
MinimumVisualStudioVersion = 10.0.40219.1
Project("{FAE04EC0-301F-11D3-BF4B-00C04F79EFBC}") = "TestAppAngularCountry.Server", "TestAppAngularCountry.Server\TestAppAngularCountry.Server.csproj", "{0DA78F17-6281-4EFE-9722-A360897B1A71}"
EndProject
Project("{54A90642-561A-4BB1-A94E-469ADEE60C69}") = "testappangularcountry.client", "testappangularcountry.client\testappangularcountry.client.esproj", "{BFB85CC4-AC43-4F09-8443-857574DA3F23}"
EndProject
Global
	GlobalSection(SolutionConfigurationPlatforms) = preSolution
		Debug|Any CPU = Debug|Any CPU
		Release|Any CPU = Release|Any CPU
	EndGlobalSection
	GlobalSection(ProjectConfigurationPlatforms) = postSolution
		{0DA78F17-6281-4EFE-9722-A360897B1A71}.Debug|Any CPU.ActiveCfg = Debug|Any CPU
		{0DA78F17-6281-4EFE-9722-A360897B1A71}.Debug|Any CPU.Build.0 = Debug|Any CPU
		{0DA78F17-6281-4EFE-9722-A360897B1A71}.Release|Any CPU.ActiveCfg = Release|Any CPU
		{0DA78F17-6281-4EFE-9722-A360897B1A71}.Release|Any CPU.Build.0 = Release|Any CPU
		{BFB85CC4-AC43-4F09-8443-857574DA3F23}.Debug|Any CPU.ActiveCfg = Debug|Any CPU
		{BFB85CC4-AC43-4F09-8443-857574DA3F23}.Debug|Any CPU.Build.0 = Debug|Any CPU
		{BFB85CC4-AC43-4F09-8443-857574DA3F23}.Debug|Any CPU.Deploy.0 = Debug|Any CPU
		{BFB85CC4-AC43-4F09-8443-857574DA3F23}.Release|Any CPU.ActiveCfg = Release|Any CPU
		{BFB85CC4-AC43-4F09-8443-857574DA3F23}.Release|Any CPU.Build.0 = Release|Any CPU
		{BFB85CC4-AC43-4F09-8443-857574DA3F23}.Release|Any CPU.Deploy.0 = Release|Any CPU
	EndGlobalSection
	GlobalSection(SolutionProperties) = preSolution
		HideSolutionNode = FALSE
	EndGlobalSection
	GlobalSection(ExtensibilityGlobals) = postSolution
		SolutionGuid = {1A395F4E-BE98-422A-8508-043EFBC4CE46}
	EndGlobalSection
EndGlobal
